// !$*UTF8*$!
{
	archiveVersion = 1;
	classes = {
	};
	objectVersion = 48;
	objects = {

/* Begin PBXBuildFile section */
		4028B9F91F656CD30082FFA0 /* AppDelegate.swift in Sources */ = {isa = PBXBuildFile; fileRef = 4028B9F81F656CD30082FFA0 /* AppDelegate.swift */; };
		4028B9FB1F656CD30082FFA0 /* ViewController.swift in Sources */ = {isa = PBXBuildFile; fileRef = 4028B9FA1F656CD30082FFA0 /* ViewController.swift */; };
		4028B9FE1F656CD30082FFA0 /* Main.storyboard in Resources */ = {isa = PBXBuildFile; fileRef = 4028B9FC1F656CD30082FFA0 /* Main.storyboard */; };
		4028BA001F656CD30082FFA0 /* Assets.xcassets in Resources */ = {isa = PBXBuildFile; fileRef = 4028B9FF1F656CD30082FFA0 /* Assets.xcassets */; };
		4028BA031F656CD30082FFA0 /* LaunchScreen.storyboard in Resources */ = {isa = PBXBuildFile; fileRef = 4028BA011F656CD30082FFA0 /* LaunchScreen.storyboard */; };
		4028BA0E1F656CD30082FFA0 /* RxMoya_CodableTests.swift in Sources */ = {isa = PBXBuildFile; fileRef = 4028BA0D1F656CD30082FFA0 /* RxMoya_CodableTests.swift */; };
		4028BA191F656CD30082FFA0 /* RxMoya_CodableUITests.swift in Sources */ = {isa = PBXBuildFile; fileRef = 4028BA181F656CD30082FFA0 /* RxMoya_CodableUITests.swift */; };
		4028BA311F65791A0082FFA0 /* ReactiveMoya.framework in Frameworks */ = {isa = PBXBuildFile; fileRef = 4028BA281F65791A0082FFA0 /* ReactiveMoya.framework */; };
		4028BA321F65791A0082FFA0 /* Alamofire.framework in Frameworks */ = {isa = PBXBuildFile; fileRef = 4028BA291F65791A0082FFA0 /* Alamofire.framework */; };
		4028BA331F65791A0082FFA0 /* RxCocoa.framework in Frameworks */ = {isa = PBXBuildFile; fileRef = 4028BA2A1F65791A0082FFA0 /* RxCocoa.framework */; };
		4028BA341F65791A0082FFA0 /* RxSwift.framework in Frameworks */ = {isa = PBXBuildFile; fileRef = 4028BA2B1F65791A0082FFA0 /* RxSwift.framework */; };
		4028BA351F65791A0082FFA0 /* RxBlocking.framework in Frameworks */ = {isa = PBXBuildFile; fileRef = 4028BA2C1F65791A0082FFA0 /* RxBlocking.framework */; };
		4028BA361F65791A0082FFA0 /* RxMoya.framework in Frameworks */ = {isa = PBXBuildFile; fileRef = 4028BA2D1F65791A0082FFA0 /* RxMoya.framework */; };
		4028BA371F65791A0082FFA0 /* Result.framework in Frameworks */ = {isa = PBXBuildFile; fileRef = 4028BA2E1F65791A0082FFA0 /* Result.framework */; };
		4028BA381F65791A0082FFA0 /* Moya.framework in Frameworks */ = {isa = PBXBuildFile; fileRef = 4028BA2F1F65791A0082FFA0 /* Moya.framework */; };
		4028BA391F65791A0082FFA0 /* ReactiveSwift.framework in Frameworks */ = {isa = PBXBuildFile; fileRef = 4028BA301F65791A0082FFA0 /* ReactiveSwift.framework */; };
		4039A5281F66C0A3006BBD23 /* ViewModel.swift in Sources */ = {isa = PBXBuildFile; fileRef = 4039A5271F66C0A3006BBD23 /* ViewModel.swift */; };
		4039A52A1F66C0B5006BBD23 /* Model.swift in Sources */ = {isa = PBXBuildFile; fileRef = 4039A5291F66C0B5006BBD23 /* Model.swift */; };
		4039A52C1F66C8D7006BBD23 /* sample.json in Resources */ = {isa = PBXBuildFile; fileRef = 4039A52B1F66C8D7006BBD23 /* sample.json */; };
/* End PBXBuildFile section */

/* Begin PBXContainerItemProxy section */
		4028BA0A1F656CD30082FFA0 /* PBXContainerItemProxy */ = {
			isa = PBXContainerItemProxy;
			containerPortal = 4028B9ED1F656CD30082FFA0 /* Project object */;
			proxyType = 1;
			remoteGlobalIDString = 4028B9F41F656CD30082FFA0;
			remoteInfo = "RxMoya+Codable";
		};
		4028BA151F656CD30082FFA0 /* PBXContainerItemProxy */ = {
			isa = PBXContainerItemProxy;
			containerPortal = 4028B9ED1F656CD30082FFA0 /* Project object */;
			proxyType = 1;
			remoteGlobalIDString = 4028B9F41F656CD30082FFA0;
			remoteInfo = "RxMoya+Codable";
		};
/* End PBXContainerItemProxy section */

/* Begin PBXFileReference section */
		4028B9F51F656CD30082FFA0 /* RxMoya+Codable.app */ = {isa = PBXFileReference; explicitFileType = wrapper.application; includeInIndex = 0; path = "RxMoya+Codable.app"; sourceTree = BUILT_PRODUCTS_DIR; };
		4028B9F81F656CD30082FFA0 /* AppDelegate.swift */ = {isa = PBXFileReference; lastKnownFileType = sourcecode.swift; path = AppDelegate.swift; sourceTree = "<group>"; };
		4028B9FA1F656CD30082FFA0 /* ViewController.swift */ = {isa = PBXFileReference; lastKnownFileType = sourcecode.swift; path = ViewController.swift; sourceTree = "<group>"; };
		4028B9FD1F656CD30082FFA0 /* Base */ = {isa = PBXFileReference; lastKnownFileType = file.storyboard; name = Base; path = Base.lproj/Main.storyboard; sourceTree = "<group>"; };
		4028B9FF1F656CD30082FFA0 /* Assets.xcassets */ = {isa = PBXFileReference; lastKnownFileType = folder.assetcatalog; path = Assets.xcassets; sourceTree = "<group>"; };
		4028BA021F656CD30082FFA0 /* Base */ = {isa = PBXFileReference; lastKnownFileType = file.storyboard; name = Base; path = Base.lproj/LaunchScreen.storyboard; sourceTree = "<group>"; };
		4028BA041F656CD30082FFA0 /* Info.plist */ = {isa = PBXFileReference; lastKnownFileType = text.plist.xml; path = Info.plist; sourceTree = "<group>"; };
		4028BA091F656CD30082FFA0 /* RxMoya+CodableTests.xctest */ = {isa = PBXFileReference; explicitFileType = wrapper.cfbundle; includeInIndex = 0; path = "RxMoya+CodableTests.xctest"; sourceTree = BUILT_PRODUCTS_DIR; };
		4028BA0D1F656CD30082FFA0 /* RxMoya_CodableTests.swift */ = {isa = PBXFileReference; lastKnownFileType = sourcecode.swift; path = RxMoya_CodableTests.swift; sourceTree = "<group>"; };
		4028BA0F1F656CD30082FFA0 /* Info.plist */ = {isa = PBXFileReference; lastKnownFileType = text.plist.xml; path = Info.plist; sourceTree = "<group>"; };
		4028BA141F656CD30082FFA0 /* RxMoya+CodableUITests.xctest */ = {isa = PBXFileReference; explicitFileType = wrapper.cfbundle; includeInIndex = 0; path = "RxMoya+CodableUITests.xctest"; sourceTree = BUILT_PRODUCTS_DIR; };
		4028BA181F656CD30082FFA0 /* RxMoya_CodableUITests.swift */ = {isa = PBXFileReference; lastKnownFileType = sourcecode.swift; path = RxMoya_CodableUITests.swift; sourceTree = "<group>"; };
		4028BA1A1F656CD30082FFA0 /* Info.plist */ = {isa = PBXFileReference; lastKnownFileType = text.plist.xml; path = Info.plist; sourceTree = "<group>"; };
		4028BA281F65791A0082FFA0 /* ReactiveMoya.framework */ = {isa = PBXFileReference; lastKnownFileType = wrapper.framework; name = ReactiveMoya.framework; path = Carthage/Build/iOS/ReactiveMoya.framework; sourceTree = "<group>"; };
		4028BA291F65791A0082FFA0 /* Alamofire.framework */ = {isa = PBXFileReference; lastKnownFileType = wrapper.framework; name = Alamofire.framework; path = Carthage/Build/iOS/Alamofire.framework; sourceTree = "<group>"; };
		4028BA2A1F65791A0082FFA0 /* RxCocoa.framework */ = {isa = PBXFileReference; lastKnownFileType = wrapper.framework; name = RxCocoa.framework; path = Carthage/Build/iOS/RxCocoa.framework; sourceTree = "<group>"; };
		4028BA2B1F65791A0082FFA0 /* RxSwift.framework */ = {isa = PBXFileReference; lastKnownFileType = wrapper.framework; name = RxSwift.framework; path = Carthage/Build/iOS/RxSwift.framework; sourceTree = "<group>"; };
		4028BA2C1F65791A0082FFA0 /* RxBlocking.framework */ = {isa = PBXFileReference; lastKnownFileType = wrapper.framework; name = RxBlocking.framework; path = Carthage/Build/iOS/RxBlocking.framework; sourceTree = "<group>"; };
		4028BA2D1F65791A0082FFA0 /* RxMoya.framework */ = {isa = PBXFileReference; lastKnownFileType = wrapper.framework; name = RxMoya.framework; path = Carthage/Build/iOS/RxMoya.framework; sourceTree = "<group>"; };
		4028BA2E1F65791A0082FFA0 /* Result.framework */ = {isa = PBXFileReference; lastKnownFileType = wrapper.framework; name = Result.framework; path = Carthage/Build/iOS/Result.framework; sourceTree = "<group>"; };
		4028BA2F1F65791A0082FFA0 /* Moya.framework */ = {isa = PBXFileReference; lastKnownFileType = wrapper.framework; name = Moya.framework; path = Carthage/Build/iOS/Moya.framework; sourceTree = "<group>"; };
		4028BA301F65791A0082FFA0 /* ReactiveSwift.framework */ = {isa = PBXFileReference; lastKnownFileType = wrapper.framework; name = ReactiveSwift.framework; path = Carthage/Build/iOS/ReactiveSwift.framework; sourceTree = "<group>"; };
		4039A5271F66C0A3006BBD23 /* ViewModel.swift */ = {isa = PBXFileReference; lastKnownFileType = sourcecode.swift; path = ViewModel.swift; sourceTree = "<group>"; };
		4039A5291F66C0B5006BBD23 /* Model.swift */ = {isa = PBXFileReference; lastKnownFileType = sourcecode.swift; path = Model.swift; sourceTree = "<group>"; };
		4039A52B1F66C8D7006BBD23 /* sample.json */ = {isa = PBXFileReference; lastKnownFileType = text.json; path = sample.json; sourceTree = "<group>"; };
/* End PBXFileReference section */

/* Begin PBXFrameworksBuildPhase section */
		4028B9F21F656CD30082FFA0 /* Frameworks */ = {
			isa = PBXFrameworksBuildPhase;
			buildActionMask = 2147483647;
			files = (
				4028BA311F65791A0082FFA0 /* ReactiveMoya.framework in Frameworks */,
				4028BA321F65791A0082FFA0 /* Alamofire.framework in Frameworks */,
				4028BA331F65791A0082FFA0 /* RxCocoa.framework in Frameworks */,
				4028BA341F65791A0082FFA0 /* RxSwift.framework in Frameworks */,
				4028BA351F65791A0082FFA0 /* RxBlocking.framework in Frameworks */,
				4028BA361F65791A0082FFA0 /* RxMoya.framework in Frameworks */,
				4028BA371F65791A0082FFA0 /* Result.framework in Frameworks */,
				4028BA381F65791A0082FFA0 /* Moya.framework in Frameworks */,
				4028BA391F65791A0082FFA0 /* ReactiveSwift.framework in Frameworks */,
			);
			runOnlyForDeploymentPostprocessing = 0;
		};
		4028BA061F656CD30082FFA0 /* Frameworks */ = {
			isa = PBXFrameworksBuildPhase;
			buildActionMask = 2147483647;
			files = (
			);
			runOnlyForDeploymentPostprocessing = 0;
		};
		4028BA111F656CD30082FFA0 /* Frameworks */ = {
			isa = PBXFrameworksBuildPhase;
			buildActionMask = 2147483647;
			files = (
			);
			runOnlyForDeploymentPostprocessing = 0;
		};
/* End PBXFrameworksBuildPhase section */

/* Begin PBXGroup section */
		4028B9EC1F656CD30082FFA0 = {
			isa = PBXGroup;
			children = (
				4028B9F71F656CD30082FFA0 /* RxMoya+Codable */,
				4028BA0C1F656CD30082FFA0 /* RxMoya+CodableTests */,
				4028BA171F656CD30082FFA0 /* RxMoya+CodableUITests */,
				4028B9F61F656CD30082FFA0 /* Products */,
				4028BA271F6579190082FFA0 /* Frameworks */,
			);
			sourceTree = "<group>";
		};
		4028B9F61F656CD30082FFA0 /* Products */ = {
			isa = PBXGroup;
			children = (
				4028B9F51F656CD30082FFA0 /* RxMoya+Codable.app */,
				4028BA091F656CD30082FFA0 /* RxMoya+CodableTests.xctest */,
				4028BA141F656CD30082FFA0 /* RxMoya+CodableUITests.xctest */,
			);
			name = Products;
			sourceTree = "<group>";
		};
		4028B9F71F656CD30082FFA0 /* RxMoya+Codable */ = {
			isa = PBXGroup;
			children = (
				4028B9F81F656CD30082FFA0 /* AppDelegate.swift */,
				4028B9FA1F656CD30082FFA0 /* ViewController.swift */,
				4028B9FC1F656CD30082FFA0 /* Main.storyboard */,
				4028B9FF1F656CD30082FFA0 /* Assets.xcassets */,
				4028BA011F656CD30082FFA0 /* LaunchScreen.storyboard */,
				4028BA041F656CD30082FFA0 /* Info.plist */,
				4039A5271F66C0A3006BBD23 /* ViewModel.swift */,
				4039A5291F66C0B5006BBD23 /* Model.swift */,
				4039A52B1F66C8D7006BBD23 /* sample.json */,
			);
			path = "RxMoya+Codable";
			sourceTree = "<group>";
		};
		4028BA0C1F656CD30082FFA0 /* RxMoya+CodableTests */ = {
			isa = PBXGroup;
			children = (
				4028BA0D1F656CD30082FFA0 /* RxMoya_CodableTests.swift */,
				4028BA0F1F656CD30082FFA0 /* Info.plist */,
			);
			path = "RxMoya+CodableTests";
			sourceTree = "<group>";
		};
		4028BA171F656CD30082FFA0 /* RxMoya+CodableUITests */ = {
			isa = PBXGroup;
			children = (
				4028BA181F656CD30082FFA0 /* RxMoya_CodableUITests.swift */,
				4028BA1A1F656CD30082FFA0 /* Info.plist */,
			);
			path = "RxMoya+CodableUITests";
			sourceTree = "<group>";
		};
		4028BA271F6579190082FFA0 /* Frameworks */ = {
			isa = PBXGroup;
			children = (
				4028BA291F65791A0082FFA0 /* Alamofire.framework */,
				4028BA2F1F65791A0082FFA0 /* Moya.framework */,
				4028BA281F65791A0082FFA0 /* ReactiveMoya.framework */,
				4028BA301F65791A0082FFA0 /* ReactiveSwift.framework */,
				4028BA2E1F65791A0082FFA0 /* Result.framework */,
				4028BA2C1F65791A0082FFA0 /* RxBlocking.framework */,
				4028BA2A1F65791A0082FFA0 /* RxCocoa.framework */,
				4028BA2D1F65791A0082FFA0 /* RxMoya.framework */,
				4028BA2B1F65791A0082FFA0 /* RxSwift.framework */,
			);
			name = Frameworks;
			sourceTree = "<group>";
		};
/* End PBXGroup section */

/* Begin PBXNativeTarget section */
		4028B9F41F656CD30082FFA0 /* RxMoya+Codable */ = {
			isa = PBXNativeTarget;
			buildConfigurationList = 4028BA1D1F656CD30082FFA0 /* Build configuration list for PBXNativeTarget "RxMoya+Codable" */;
			buildPhases = (
				4028B9F11F656CD30082FFA0 /* Sources */,
				4028B9F21F656CD30082FFA0 /* Frameworks */,
				4028B9F31F656CD30082FFA0 /* Resources */,
				4028BA261F65781F0082FFA0 /* ShellScript */,
			);
			buildRules = (
			);
			dependencies = (
			);
			name = "RxMoya+Codable";
			productName = "RxMoya+Codable";
			productReference = 4028B9F51F656CD30082FFA0 /* RxMoya+Codable.app */;
			productType = "com.apple.product-type.application";
		};
		4028BA081F656CD30082FFA0 /* RxMoya+CodableTests */ = {
			isa = PBXNativeTarget;
			buildConfigurationList = 4028BA201F656CD30082FFA0 /* Build configuration list for PBXNativeTarget "RxMoya+CodableTests" */;
			buildPhases = (
				4028BA051F656CD30082FFA0 /* Sources */,
				4028BA061F656CD30082FFA0 /* Frameworks */,
				4028BA071F656CD30082FFA0 /* Resources */,
			);
			buildRules = (
			);
			dependencies = (
				4028BA0B1F656CD30082FFA0 /* PBXTargetDependency */,
			);
			name = "RxMoya+CodableTests";
			productName = "RxMoya+CodableTests";
			productReference = 4028BA091F656CD30082FFA0 /* RxMoya+CodableTests.xctest */;
			productType = "com.apple.product-type.bundle.unit-test";
		};
		4028BA131F656CD30082FFA0 /* RxMoya+CodableUITests */ = {
			isa = PBXNativeTarget;
			buildConfigurationList = 4028BA231F656CD30082FFA0 /* Build configuration list for PBXNativeTarget "RxMoya+CodableUITests" */;
			buildPhases = (
				4028BA101F656CD30082FFA0 /* Sources */,
				4028BA111F656CD30082FFA0 /* Frameworks */,
				4028BA121F656CD30082FFA0 /* Resources */,
			);
			buildRules = (
			);
			dependencies = (
				4028BA161F656CD30082FFA0 /* PBXTargetDependency */,
			);
			name = "RxMoya+CodableUITests";
			productName = "RxMoya+CodableUITests";
			productReference = 4028BA141F656CD30082FFA0 /* RxMoya+CodableUITests.xctest */;
			productType = "com.apple.product-type.bundle.ui-testing";
		};
/* End PBXNativeTarget section */

/* Begin PBXProject section */
		4028B9ED1F656CD30082FFA0 /* Project object */ = {
			isa = PBXProject;
			attributes = {
				LastSwiftUpdateCheck = 0900;
				LastUpgradeCheck = 0900;
				ORGANIZATIONNAME = "Imairi Yosuke";
				TargetAttributes = {
					4028B9F41F656CD30082FFA0 = {
						CreatedOnToolsVersion = 9.0;
						ProvisioningStyle = Automatic;
					};
					4028BA081F656CD30082FFA0 = {
						CreatedOnToolsVersion = 9.0;
						ProvisioningStyle = Automatic;
						TestTargetID = 4028B9F41F656CD30082FFA0;
					};
					4028BA131F656CD30082FFA0 = {
						CreatedOnToolsVersion = 9.0;
						ProvisioningStyle = Automatic;
						TestTargetID = 4028B9F41F656CD30082FFA0;
					};
				};
			};
			buildConfigurationList = 4028B9F01F656CD30082FFA0 /* Build configuration list for PBXProject "RxMoya+Codable" */;
			compatibilityVersion = "Xcode 8.0";
			developmentRegion = en;
			hasScannedForEncodings = 0;
			knownRegions = (
				en,
				Base,
			);
			mainGroup = 4028B9EC1F656CD30082FFA0;
			productRefGroup = 4028B9F61F656CD30082FFA0 /* Products */;
			projectDirPath = "";
			projectRoot = "";
			targets = (
				4028B9F41F656CD30082FFA0 /* RxMoya+Codable */,
				4028BA081F656CD30082FFA0 /* RxMoya+CodableTests */,
				4028BA131F656CD30082FFA0 /* RxMoya+CodableUITests */,
			);
		};
/* End PBXProject section */

/* Begin PBXResourcesBuildPhase section */
		4028B9F31F656CD30082FFA0 /* Resources */ = {
			isa = PBXResourcesBuildPhase;
			buildActionMask = 2147483647;
			files = (
				4028BA031F656CD30082FFA0 /* LaunchScreen.storyboard in Resources */,
				4039A52C1F66C8D7006BBD23 /* sample.json in Resources */,
				4028BA001F656CD30082FFA0 /* Assets.xcassets in Resources */,
				4028B9FE1F656CD30082FFA0 /* Main.storyboard in Resources */,
			);
			runOnlyForDeploymentPostprocessing = 0;
		};
		4028BA071F656CD30082FFA0 /* Resources */ = {
			isa = PBXResourcesBuildPhase;
			buildActionMask = 2147483647;
			files = (
			);
			runOnlyForDeploymentPostprocessing = 0;
		};
		4028BA121F656CD30082FFA0 /* Resources */ = {
			isa = PBXResourcesBuildPhase;
			buildActionMask = 2147483647;
			files = (
			);
			runOnlyForDeploymentPostprocessing = 0;
		};
/* End PBXResourcesBuildPhase section */

/* Begin PBXShellScriptBuildPhase section */
		4028BA261F65781F0082FFA0 /* ShellScript */ = {
			isa = PBXShellScriptBuildPhase;
			buildActionMask = 2147483647;
			files = (
			);
			inputPaths = (
				"$(SRCROOT)/Carthage/Build/iOS/Alamofire.framework",
				"$(SRCROOT)/Carthage/Build/iOS/Moya.framework",
				"$(SRCROOT)/Carthage/Build/iOS/ReactiveMoya.framework",
				"$(SRCROOT)/Carthage/Build/iOS/ReactiveSwift.framework",
				"$(SRCROOT)/Carthage/Build/iOS/Result.framework",
				"$(SRCROOT)/Carthage/Build/iOS/RxBlocking.framework",
				"$(SRCROOT)/Carthage/Build/iOS/RxCocoa.framework",
				"$(SRCROOT)/Carthage/Build/iOS/RxMoya.framework",
				"$(SRCROOT)/Carthage/Build/iOS/RxSwift.framework",
			);
			outputPaths = (
			);
			runOnlyForDeploymentPostprocessing = 0;
			shellPath = /bin/sh;
			shellScript = "/usr/local/bin/carthage copy-frameworks";
		};
/* End PBXShellScriptBuildPhase section */

/* Begin PBXSourcesBuildPhase section */
		4028B9F11F656CD30082FFA0 /* Sources */ = {
			isa = PBXSourcesBuildPhase;
			buildActionMask = 2147483647;
			files = (
				4028B9FB1F656CD30082FFA0 /* ViewController.swift in Sources */,
				4039A5281F66C0A3006BBD23 /* ViewModel.swift in Sources */,
				4028B9F91F656CD30082FFA0 /* AppDelegate.swift in Sources */,
				4039A52A1F66C0B5006BBD23 /* Model.swift in Sources */,
			);
			runOnlyForDeploymentPostprocessing = 0;
		};
		4028BA051F656CD30082FFA0 /* Sources */ = {
			isa = PBXSourcesBuildPhase;
			buildActionMask = 2147483647;
			files = (
				4028BA0E1F656CD30082FFA0 /* RxMoya_CodableTests.swift in Sources */,
			);
			runOnlyForDeploymentPostprocessing = 0;
		};
		4028BA101F656CD30082FFA0 /* Sources */ = {
			isa = PBXSourcesBuildPhase;
			buildActionMask = 2147483647;
			files = (
				4028BA191F656CD30082FFA0 /* RxMoya_CodableUITests.swift in Sources */,
			);
			runOnlyForDeploymentPostprocessing = 0;
		};
/* End PBXSourcesBuildPhase section */

/* Begin PBXTargetDependency section */
		4028BA0B1F656CD30082FFA0 /* PBXTargetDependency */ = {
			isa = PBXTargetDependency;
			target = 4028B9F41F656CD30082FFA0 /* RxMoya+Codable */;
			targetProxy = 4028BA0A1F656CD30082FFA0 /* PBXContainerItemProxy */;
		};
		4028BA161F656CD30082FFA0 /* PBXTargetDependency */ = {
			isa = PBXTargetDependency;
			target = 4028B9F41F656CD30082FFA0 /* RxMoya+Codable */;
			targetProxy = 4028BA151F656CD30082FFA0 /* PBXContainerItemProxy */;
		};
/* End PBXTargetDependency section */

/* Begin PBXVariantGroup section */
		4028B9FC1F656CD30082FFA0 /* Main.storyboard */ = {
			isa = PBXVariantGroup;
			children = (
				4028B9FD1F656CD30082FFA0 /* Base */,
			);
			name = Main.storyboard;
			sourceTree = "<group>";
		};
		4028BA011F656CD30082FFA0 /* LaunchScreen.storyboard */ = {
			isa = PBXVariantGroup;
			children = (
				4028BA021F656CD30082FFA0 /* Base */,
			);
			name = LaunchScreen.storyboard;
			sourceTree = "<group>";
		};
/* End PBXVariantGroup section */

/* Begin XCBuildConfiguration section */
		4028BA1B1F656CD30082FFA0 /* Debug */ = {
			isa = XCBuildConfiguration;
			buildSettings = {
				ALWAYS_SEARCH_USER_PATHS = NO;
				CLANG_ANALYZER_NONNULL = YES;
				CLANG_ANALYZER_NUMBER_OBJECT_CONVERSION = YES_AGGRESSIVE;
				CLANG_CXX_LANGUAGE_STANDARD = "gnu++14";
				CLANG_CXX_LIBRARY = "libc++";
				CLANG_ENABLE_MODULES = YES;
				CLANG_ENABLE_OBJC_ARC = YES;
				CLANG_WARN_BLOCK_CAPTURE_AUTORELEASING = YES;
				CLANG_WARN_BOOL_CONVERSION = YES;
				CLANG_WARN_COMMA = YES;
				CLANG_WARN_CONSTANT_CONVERSION = YES;
				CLANG_WARN_DIRECT_OBJC_ISA_USAGE = YES_ERROR;
				CLANG_WARN_DOCUMENTATION_COMMENTS = YES;
				CLANG_WARN_EMPTY_BODY = YES;
				CLANG_WARN_ENUM_CONVERSION = YES;
				CLANG_WARN_INFINITE_RECURSION = YES;
				CLANG_WARN_INT_CONVERSION = YES;
				CLANG_WARN_NON_LITERAL_NULL_CONVERSION = YES;
				CLANG_WARN_OBJC_LITERAL_CONVERSION = YES;
				CLANG_WARN_OBJC_ROOT_CLASS = YES_ERROR;
				CLANG_WARN_RANGE_LOOP_ANALYSIS = YES;
				CLANG_WARN_STRICT_PROTOTYPES = YES;
				CLANG_WARN_SUSPICIOUS_MOVE = YES;
				CLANG_WARN_UNGUARDED_AVAILABILITY = YES_AGGRESSIVE;
				CLANG_WARN_UNREACHABLE_CODE = YES;
				CLANG_WARN__DUPLICATE_METHOD_MATCH = YES;
				CODE_SIGN_IDENTITY = "iPhone Developer";
				COPY_PHASE_STRIP = NO;
				DEBUG_INFORMATION_FORMAT = dwarf;
				ENABLE_STRICT_OBJC_MSGSEND = YES;
				ENABLE_TESTABILITY = YES;
				GCC_C_LANGUAGE_STANDARD = gnu11;
				GCC_DYNAMIC_NO_PIC = NO;
				GCC_NO_COMMON_BLOCKS = YES;
				GCC_OPTIMIZATION_LEVEL = 0;
				GCC_PREPROCESSOR_DEFINITIONS = (
					"DEBUG=1",
					"$(inherited)",
				);
				GCC_WARN_64_TO_32_BIT_CONVERSION = YES;
				GCC_WARN_ABOUT_RETURN_TYPE = YES_ERROR;
				GCC_WARN_UNDECLARED_SELECTOR = YES;
				GCC_WARN_UNINITIALIZED_AUTOS = YES_AGGRESSIVE;
				GCC_WARN_UNUSED_FUNCTION = YES;
				GCC_WARN_UNUSED_VARIABLE = YES;
				IPHONEOS_DEPLOYMENT_TARGET = 11.0;
				MTL_ENABLE_DEBUG_INFO = YES;
				ONLY_ACTIVE_ARCH = YES;
				SDKROOT = iphoneos;
				SWIFT_ACTIVE_COMPILATION_CONDITIONS = DEBUG;
				SWIFT_OPTIMIZATION_LEVEL = "-Onone";
			};
			name = Debug;
		};
		4028BA1C1F656CD30082FFA0 /* Release */ = {
			isa = XCBuildConfiguration;
			buildSettings = {
				ALWAYS_SEARCH_USER_PATHS = NO;
				CLANG_ANALYZER_NONNULL = YES;
				CLANG_ANALYZER_NUMBER_OBJECT_CONVERSION = YES_AGGRESSIVE;
				CLANG_CXX_LANGUAGE_STANDARD = "gnu++14";
				CLANG_CXX_LIBRARY = "libc++";
				CLANG_ENABLE_MODULES = YES;
				CLANG_ENABLE_OBJC_ARC = YES;
				CLANG_WARN_BLOCK_CAPTURE_AUTORELEASING = YES;
				CLANG_WARN_BOOL_CONVERSION = YES;
				CLANG_WARN_COMMA = YES;
				CLANG_WARN_CONSTANT_CONVERSION = YES;
				CLANG_WARN_DIRECT_OBJC_ISA_USAGE = YES_ERROR;
				CLANG_WARN_DOCUMENTATION_COMMENTS = YES;
				CLANG_WARN_EMPTY_BODY = YES;
				CLANG_WARN_ENUM_CONVERSION = YES;
				CLANG_WARN_INFINITE_RECURSION = YES;
				CLANG_WARN_INT_CONVERSION = YES;
				CLANG_WARN_NON_LITERAL_NULL_CONVERSION = YES;
				CLANG_WARN_OBJC_LITERAL_CONVERSION = YES;
				CLANG_WARN_OBJC_ROOT_CLASS = YES_ERROR;
				CLANG_WARN_RANGE_LOOP_ANALYSIS = YES;
				CLANG_WARN_STRICT_PROTOTYPES = YES;
				CLANG_WARN_SUSPICIOUS_MOVE = YES;
				CLANG_WARN_UNGUARDED_AVAILABILITY = YES_AGGRESSIVE;
				CLANG_WARN_UNREACHABLE_CODE = YES;
				CLANG_WARN__DUPLICATE_METHOD_MATCH = YES;
				CODE_SIGN_IDENTITY = "iPhone Developer";
				COPY_PHASE_STRIP = NO;
				DEBUG_INFORMATION_FORMAT = "dwarf-with-dsym";
				ENABLE_NS_ASSERTIONS = NO;
				ENABLE_STRICT_OBJC_MSGSEND = YES;
				GCC_C_LANGUAGE_STANDARD = gnu11;
				GCC_NO_COMMON_BLOCKS = YES;
				GCC_WARN_64_TO_32_BIT_CONVERSION = YES;
				GCC_WARN_ABOUT_RETURN_TYPE = YES_ERROR;
				GCC_WARN_UNDECLARED_SELECTOR = YES;
				GCC_WARN_UNINITIALIZED_AUTOS = YES_AGGRESSIVE;
				GCC_WARN_UNUSED_FUNCTION = YES;
				GCC_WARN_UNUSED_VARIABLE = YES;
				IPHONEOS_DEPLOYMENT_TARGET = 11.0;
				MTL_ENABLE_DEBUG_INFO = NO;
				SDKROOT = iphoneos;
				SWIFT_OPTIMIZATION_LEVEL = "-Owholemodule";
				VALIDATE_PRODUCT = YES;
			};
			name = Release;
		};
		4028BA1E1F656CD30082FFA0 /* Debug */ = {
			isa = XCBuildConfiguration;
			buildSettings = {
				ASSETCATALOG_COMPILER_APPICON_NAME = AppIcon;
				CODE_SIGN_STYLE = Automatic;
				FRAMEWORK_SEARCH_PATHS = (
					"$(inherited)",
					"$(PROJECT_DIR)/Carthage/Build/iOS",
				);
				INFOPLIST_FILE = "RxMoya+Codable/Info.plist";
				LD_RUNPATH_SEARCH_PATHS = "$(inherited) @executable_path/Frameworks";
				PRODUCT_BUNDLE_IDENTIFIER = "com.imairi.RxMoya-Codable";
				PRODUCT_NAME = "$(TARGET_NAME)";
				SWIFT_VERSION = 4.0;
				TARGETED_DEVICE_FAMILY = "1,2";
			};
			name = Debug;
		};
		4028BA1F1F656CD30082FFA0 /* Release */ = {
			isa = XCBuildConfiguration;
			buildSettings = {
				ASSETCATALOG_COMPILER_APPICON_NAME = AppIcon;
				CODE_SIGN_STYLE = Automatic;
				FRAMEWORK_SEARCH_PATHS = (
					"$(inherited)",
					"$(PROJECT_DIR)/Carthage/Build/iOS",
				);
				INFOPLIST_FILE = "RxMoya+Codable/Info.plist";
				LD_RUNPATH_SEARCH_PATHS = "$(inherited) @executable_path/Frameworks";
				PRODUCT_BUNDLE_IDENTIFIER = "com.imairi.RxMoya-Codable";
				PRODUCT_NAME = "$(TARGET_NAME)";
				SWIFT_VERSION = 4.0;
				TARGETED_DEVICE_FAMILY = "1,2";
			};
			name = Release;
		};
		4028BA211F656CD30082FFA0 /* Debug */ = {
			isa = XCBuildConfiguration;
			buildSettings = {
				ALWAYS_EMBED_SWIFT_STANDARD_LIBRARIES = YES;
				BUNDLE_LOADER = "$(TEST_HOST)";
				CODE_SIGN_STYLE = Automatic;
				INFOPLIST_FILE = "RxMoya+CodableTests/Info.plist";
				LD_RUNPATH_SEARCH_PATHS = "$(inherited) @executable_path/Frameworks @loader_path/Frameworks";
				PRODUCT_BUNDLE_IDENTIFIER = "com.imairi.RxMoya-CodableTests";
				PRODUCT_NAME = "$(TARGET_NAME)";
				SWIFT_VERSION = 4.0;
				TARGETED_DEVICE_FAMILY = "1,2";
				TEST_HOST = "$(BUILT_PRODUCTS_DIR)/RxMoya+Codable.app/RxMoya+Codable";
			};
			name = Debug;
		};
		4028BA221F656CD30082FFA0 /* Release */ = {
			isa = XCBuildConfiguration;
			buildSettings = {
				ALWAYS_EMBED_SWIFT_STANDARD_LIBRARIES = YES;
				BUNDLE_LOADER = "$(TEST_HOST)";
				CODE_SIGN_STYLE = Automatic;
				INFOPLIST_FILE = "RxMoya+CodableTests/Info.plist";
				LD_RUNPATH_SEARCH_PATHS = "$(inherited) @executable_path/Frameworks @loader_path/Frameworks";
				PRODUCT_BUNDLE_IDENTIFIER = "com.imairi.RxMoya-CodableTests";
				PRODUCT_NAME = "$(TARGET_NAME)";
				SWIFT_VERSION = 4.0;
				TARGETED_DEVICE_FAMILY = "1,2";
				TEST_HOST = "$(BUILT_PRODUCTS_DIR)/RxMoya+Codable.app/RxMoya+Codable";
			};
			name = Release;
		};
		4028BA241F656CD30082FFA0 /* Debug */ = {
			isa = XCBuildConfiguration;
			buildSettings = {
				ALWAYS_EMBED_SWIFT_STANDARD_LIBRARIES = YES;
				CODE_SIGN_STYLE = Automatic;
				INFOPLIST_FILE = "RxMoya+CodableUITests/Info.plist";
				LD_RUNPATH_SEARCH_PATHS = "$(inherited) @executable_path/Frameworks @loader_path/Frameworks";
				PRODUCT_BUNDLE_IDENTIFIER = "com.imairi.RxMoya-CodableUITests";
				PRODUCT_NAME = "$(TARGET_NAME)";
				SWIFT_VERSION = 4.0;
				TARGETED_DEVICE_FAMILY = "1,2";
				TEST_TARGET_NAME = "RxMoya+Codable";
			};
			name = Debug;
		};
		4028BA251F656CD30082FFA0 /* Release */ = {
			isa = XCBuildConfiguration;
			buildSettings = {
				ALWAYS_EMBED_SWIFT_STANDARD_LIBRARIES = YES;
				CODE_SIGN_STYLE = Automatic;
				INFOPLIST_FILE = "RxMoya+CodableUITests/Info.plist";
				LD_RUNPATH_SEARCH_PATHS = "$(inherited) @executable_path/Frameworks @loader_path/Frameworks";
				PRODUCT_BUNDLE_IDENTIFIER = "com.imairi.RxMoya-CodableUITests";
				PRODUCT_NAME = "$(TARGET_NAME)";
				SWIFT_VERSION = 4.0;
				TARGETED_DEVICE_FAMILY = "1,2";
				TEST_TARGET_NAME = "RxMoya+Codable";
			};
			name = Release;
		};
/* End XCBuildConfiguration section */

/* Begin XCConfigurationList section */
		4028B9F01F656CD30082FFA0 /* Build configuration list for PBXProject "RxMoya+Codable" */ = {
			isa = XCConfigurationList;
			buildConfigurations = (
				4028BA1B1F656CD30082FFA0 /* Debug */,
				4028BA1C1F656CD30082FFA0 /* Release */,
			);
			defaultConfigurationIsVisible = 0;
			defaultConfigurationName = Release;
		};
		4028BA1D1F656CD30082FFA0 /* Build configuration list for PBXNativeTarget "RxMoya+Codable" */ = {
			isa = XCConfigurationList;
			buildConfigurations = (
				4028BA1E1F656CD30082FFA0 /* Debug */,
				4028BA1F1F656CD30082FFA0 /* Release */,
			);
			defaultConfigurationIsVisible = 0;
			defaultConfigurationName = Release;
		};
		4028BA201F656CD30082FFA0 /* Build configuration list for PBXNativeTarget "RxMoya+CodableTests" */ = {
			isa = XCConfigurationList;
			buildConfigurations = (
				4028BA211F656CD30082FFA0 /* Debug */,
				4028BA221F656CD30082FFA0 /* Release */,
			);
			defaultConfigurationIsVisible = 0;
			defaultConfigurationName = Release;
		};
		4028BA231F656CD30082FFA0 /* Build configuration list for PBXNativeTarget "RxMoya+CodableUITests" */ = {
			isa = XCConfigurationList;
			buildConfigurations = (
				4028BA241F656CD30082FFA0 /* Debug */,
				4028BA251F656CD30082FFA0 /* Release */,
			);
			defaultConfigurationIsVisible = 0;
			defaultConfigurationName = Release;
		};
/* End XCConfigurationList section */
	};
	rootObject = 4028B9ED1F656CD30082FFA0 /* Project object */;
}
